// !$*UTF8*$!
{
	archiveVersion = 1;
	classes = {
	};
	objectVersion = 50;
	objects = {

/* Begin PBXBuildFile section */
		DC81E39C23CEA3F6001CA522 /* AppDelegate.swift in Sources */ = {isa = PBXBuildFile; fileRef = DC81E39B23CEA3F6001CA522 /* AppDelegate.swift */; };
		DC81E39E23CEA3F6001CA522 /* SceneDelegate.swift in Sources */ = {isa = PBXBuildFile; fileRef = DC81E39D23CEA3F6001CA522 /* SceneDelegate.swift */; };
		DC81E3A023CEA3F6001CA522 /* ViewController.swift in Sources */ = {isa = PBXBuildFile; fileRef = DC81E39F23CEA3F6001CA522 /* ViewController.swift */; };
		DC81E3A323CEA3F6001CA522 /* Main.storyboard in Resources */ = {isa = PBXBuildFile; fileRef = DC81E3A123CEA3F6001CA522 /* Main.storyboard */; };
		DC81E3A523CEA3F7001CA522 /* Assets.xcassets in Resources */ = {isa = PBXBuildFile; fileRef = DC81E3A423CEA3F7001CA522 /* Assets.xcassets */; };
		DC81E3A823CEA3F7001CA522 /* LaunchScreen.storyboard in Resources */ = {isa = PBXBuildFile; fileRef = DC81E3A623CEA3F7001CA522 /* LaunchScreen.storyboard */; };
		DC81E3B323CEA3F8001CA522 /* A1Tests.swift in Sources */ = {isa = PBXBuildFile; fileRef = DC81E3B223CEA3F8001CA522 /* A1Tests.swift */; };
		DC81E3BE23CEA3F8001CA522 /* A1UITests.swift in Sources */ = {isa = PBXBuildFile; fileRef = DC81E3BD23CEA3F8001CA522 /* A1UITests.swift */; };
/* End PBXBuildFile section */

/* Begin PBXContainerItemProxy section */
		DC81E3AF23CEA3F8001CA522 /* PBXContainerItemProxy */ = {
			isa = PBXContainerItemProxy;
			containerPortal = DC81E39023CEA3F6001CA522 /* Project object */;
			proxyType = 1;
			remoteGlobalIDString = DC81E39723CEA3F6001CA522;
			remoteInfo = A1;
		};
		DC81E3BA23CEA3F8001CA522 /* PBXContainerItemProxy */ = {
			isa = PBXContainerItemProxy;
			containerPortal = DC81E39023CEA3F6001CA522 /* Project object */;
			proxyType = 1;
			remoteGlobalIDString = DC81E39723CEA3F6001CA522;
			remoteInfo = A1;
		};
/* End PBXContainerItemProxy section */

/* Begin PBXFileReference section */
		DC81E39823CEA3F6001CA522 /* A1.app */ = {isa = PBXFileReference; explicitFileType = wrapper.application; includeInIndex = 0; path = A1.app; sourceTree = BUILT_PRODUCTS_DIR; };
		DC81E39B23CEA3F6001CA522 /* AppDelegate.swift */ = {isa = PBXFileReference; lastKnownFileType = sourcecode.swift; path = AppDelegate.swift; sourceTree = "<group>"; };
		DC81E39D23CEA3F6001CA522 /* SceneDelegate.swift */ = {isa = PBXFileReference; lastKnownFileType = sourcecode.swift; path = SceneDelegate.swift; sourceTree = "<group>"; };
		DC81E39F23CEA3F6001CA522 /* ViewController.swift */ = {isa = PBXFileReference; lastKnownFileType = sourcecode.swift; path = ViewController.swift; sourceTree = "<group>"; };
		DC81E3A223CEA3F6001CA522 /* Base */ = {isa = PBXFileReference; lastKnownFileType = file.storyboard; name = Base; path = Base.lproj/Main.storyboard; sourceTree = "<group>"; };
		DC81E3A423CEA3F7001CA522 /* Assets.xcassets */ = {isa = PBXFileReference; lastKnownFileType = folder.assetcatalog; path = Assets.xcassets; sourceTree = "<group>"; };
		DC81E3A723CEA3F7001CA522 /* Base */ = {isa = PBXFileReference; lastKnownFileType = file.storyboard; name = Base; path = Base.lproj/LaunchScreen.storyboard; sourceTree = "<group>"; };
		DC81E3A923CEA3F7001CA522 /* Info.plist */ = {isa = PBXFileReference; lastKnownFileType = text.plist.xml; path = Info.plist; sourceTree = "<group>"; };
		DC81E3AE23CEA3F8001CA522 /* A1Tests.xctest */ = {isa = PBXFileReference; explicitFileType = wrapper.cfbundle; includeInIndex = 0; path = A1Tests.xctest; sourceTree = BUILT_PRODUCTS_DIR; };
		DC81E3B223CEA3F8001CA522 /* A1Tests.swift */ = {isa = PBXFileReference; lastKnownFileType = sourcecode.swift; path = A1Tests.swift; sourceTree = "<group>"; };
		DC81E3B423CEA3F8001CA522 /* Info.plist */ = {isa = PBXFileReference; lastKnownFileType = text.plist.xml; path = Info.plist; sourceTree = "<group>"; };
		DC81E3B923CEA3F8001CA522 /* A1UITests.xctest */ = {isa = PBXFileReference; explicitFileType = wrapper.cfbundle; includeInIndex = 0; path = A1UITests.xctest; sourceTree = BUILT_PRODUCTS_DIR; };
		DC81E3BD23CEA3F8001CA522 /* A1UITests.swift */ = {isa = PBXFileReference; lastKnownFileType = sourcecode.swift; path = A1UITests.swift; sourceTree = "<group>"; };
		DC81E3BF23CEA3F8001CA522 /* Info.plist */ = {isa = PBXFileReference; lastKnownFileType = text.plist.xml; path = Info.plist; sourceTree = "<group>"; };
/* End PBXFileReference section */

/* Begin PBXFrameworksBuildPhase section */
		DC81E39523CEA3F6001CA522 /* Frameworks */ = {
			isa = PBXFrameworksBuildPhase;
			buildActionMask = 2147483647;
			files = (
			);
			runOnlyForDeploymentPostprocessing = 0;
		};
		DC81E3AB23CEA3F8001CA522 /* Frameworks */ = {
			isa = PBXFrameworksBuildPhase;
			buildActionMask = 2147483647;
			files = (
			);
			runOnlyForDeploymentPostprocessing = 0;
		};
		DC81E3B623CEA3F8001CA522 /* Frameworks */ = {
			isa = PBXFrameworksBuildPhase;
			buildActionMask = 2147483647;
			files = (
			);
			runOnlyForDeploymentPostprocessing = 0;
		};
/* End PBXFrameworksBuildPhase section */

/* Begin PBXGroup section */
		DC81E38F23CEA3F6001CA522 = {
			isa = PBXGroup;
			children = (
				DC81E39A23CEA3F6001CA522 /* A1 */,
				DC81E3B123CEA3F8001CA522 /* A1Tests */,
				DC81E3BC23CEA3F8001CA522 /* A1UITests */,
				DC81E39923CEA3F6001CA522 /* Products */,
			);
			sourceTree = "<group>";
		};
		DC81E39923CEA3F6001CA522 /* Products */ = {
			isa = PBXGroup;
			children = (
				DC81E39823CEA3F6001CA522 /* A1.app */,
				DC81E3AE23CEA3F8001CA522 /* A1Tests.xctest */,
				DC81E3B923CEA3F8001CA522 /* A1UITests.xctest */,
			);
			name = Products;
			sourceTree = "<group>";
		};
		DC81E39A23CEA3F6001CA522 /* A1 */ = {
			isa = PBXGroup;
			children = (
				DC81E39B23CEA3F6001CA522 /* AppDelegate.swift */,
				DC81E39D23CEA3F6001CA522 /* SceneDelegate.swift */,
				DC81E39F23CEA3F6001CA522 /* ViewController.swift */,
				DC81E3A123CEA3F6001CA522 /* Main.storyboard */,
				DC81E3A423CEA3F7001CA522 /* Assets.xcassets */,
				DC81E3A623CEA3F7001CA522 /* LaunchScreen.storyboard */,
				DC81E3A923CEA3F7001CA522 /* Info.plist */,
			);
			path = A1;
			sourceTree = "<group>";
		};
		DC81E3B123CEA3F8001CA522 /* A1Tests */ = {
			isa = PBXGroup;
			children = (
				DC81E3B223CEA3F8001CA522 /* A1Tests.swift */,
				DC81E3B423CEA3F8001CA522 /* Info.plist */,
			);
			path = A1Tests;
			sourceTree = "<group>";
		};
		DC81E3BC23CEA3F8001CA522 /* A1UITests */ = {
			isa = PBXGroup;
			children = (
				DC81E3BD23CEA3F8001CA522 /* A1UITests.swift */,
				DC81E3BF23CEA3F8001CA522 /* Info.plist */,
			);
			path = A1UITests;
			sourceTree = "<group>";
		};
/* End PBXGroup section */

/* Begin PBXNativeTarget section */
		DC81E39723CEA3F6001CA522 /* A1 */ = {
			isa = PBXNativeTarget;
			buildConfigurationList = DC81E3C223CEA3F8001CA522 /* Build configuration list for PBXNativeTarget "A1" */;
			buildPhases = (
				DC81E39423CEA3F6001CA522 /* Sources */,
				DC81E39523CEA3F6001CA522 /* Frameworks */,
				DC81E39623CEA3F6001CA522 /* Resources */,
			);
			buildRules = (
			);
			dependencies = (
			);
			name = A1;
			productName = A1;
			productReference = DC81E39823CEA3F6001CA522 /* A1.app */;
			productType = "com.apple.product-type.application";
		};
		DC81E3AD23CEA3F8001CA522 /* A1Tests */ = {
			isa = PBXNativeTarget;
			buildConfigurationList = DC81E3C523CEA3F8001CA522 /* Build configuration list for PBXNativeTarget "A1Tests" */;
			buildPhases = (
				DC81E3AA23CEA3F8001CA522 /* Sources */,
				DC81E3AB23CEA3F8001CA522 /* Frameworks */,
				DC81E3AC23CEA3F8001CA522 /* Resources */,
			);
			buildRules = (
			);
			dependencies = (
				DC81E3B023CEA3F8001CA522 /* PBXTargetDependency */,
			);
			name = A1Tests;
			productName = A1Tests;
			productReference = DC81E3AE23CEA3F8001CA522 /* A1Tests.xctest */;
			productType = "com.apple.product-type.bundle.unit-test";
		};
		DC81E3B823CEA3F8001CA522 /* A1UITests */ = {
			isa = PBXNativeTarget;
			buildConfigurationList = DC81E3C823CEA3F8001CA522 /* Build configuration list for PBXNativeTarget "A1UITests" */;
			buildPhases = (
				DC81E3B523CEA3F8001CA522 /* Sources */,
				DC81E3B623CEA3F8001CA522 /* Frameworks */,
				DC81E3B723CEA3F8001CA522 /* Resources */,
			);
			buildRules = (
			);
			dependencies = (
				DC81E3BB23CEA3F8001CA522 /* PBXTargetDependency */,
			);
			name = A1UITests;
			productName = A1UITests;
			productReference = DC81E3B923CEA3F8001CA522 /* A1UITests.xctest */;
			productType = "com.apple.product-type.bundle.ui-testing";
		};
/* End PBXNativeTarget section */

/* Begin PBXProject section */
		DC81E39023CEA3F6001CA522 /* Project object */ = {
			isa = PBXProject;
			attributes = {
				LastSwiftUpdateCheck = 1130;
				LastUpgradeCheck = 1130;
				ORGANIZATIONNAME = "Ross Malcolm";
				TargetAttributes = {
					DC81E39723CEA3F6001CA522 = {
						CreatedOnToolsVersion = 11.3.1;
					};
					DC81E3AD23CEA3F8001CA522 = {
						CreatedOnToolsVersion = 11.3.1;
						TestTargetID = DC81E39723CEA3F6001CA522;
					};
					DC81E3B823CEA3F8001CA522 = {
						CreatedOnToolsVersion = 11.3.1;
						TestTargetID = DC81E39723CEA3F6001CA522;
					};
				};
			};
			buildConfigurationList = DC81E39323CEA3F6001CA522 /* Build configuration list for PBXProject "A1" */;
			compatibilityVersion = "Xcode 9.3";
			developmentRegion = en;
			hasScannedForEncodings = 0;
			knownRegions = (
				en,
				Base,
			);
			mainGroup = DC81E38F23CEA3F6001CA522;
			productRefGroup = DC81E39923CEA3F6001CA522 /* Products */;
			projectDirPath = "";
			projectRoot = "";
			targets = (
				DC81E39723CEA3F6001CA522 /* A1 */,
				DC81E3AD23CEA3F8001CA522 /* A1Tests */,
				DC81E3B823CEA3F8001CA522 /* A1UITests */,
			);
		};
/* End PBXProject section */

/* Begin PBXResourcesBuildPhase section */
		DC81E39623CEA3F6001CA522 /* Resources */ = {
			isa = PBXResourcesBuildPhase;
			buildActionMask = 2147483647;
			files = (
				DC81E3A823CEA3F7001CA522 /* LaunchScreen.storyboard in Resources */,
				DC81E3A523CEA3F7001CA522 /* Assets.xcassets in Resources */,
				DC81E3A323CEA3F6001CA522 /* Main.storyboard in Resources */,
			);
			runOnlyForDeploymentPostprocessing = 0;
		};
		DC81E3AC23CEA3F8001CA522 /* Resources */ = {
			isa = PBXResourcesBuildPhase;
			buildActionMask = 2147483647;
			files = (
			);
			runOnlyForDeploymentPostprocessing = 0;
		};
		DC81E3B723CEA3F8001CA522 /* Resources */ = {
			isa = PBXResourcesBuildPhase;
			buildActionMask = 2147483647;
			files = (
			);
			runOnlyForDeploymentPostprocessing = 0;
		};
/* End PBXResourcesBuildPhase section */

/* Begin PBXSourcesBuildPhase section */
		DC81E39423CEA3F6001CA522 /* Sources */ = {
			isa = PBXSourcesBuildPhase;
			buildActionMask = 2147483647;
			files = (
				DC81E3A023CEA3F6001CA522 /* ViewController.swift in Sources */,
				DC81E39C23CEA3F6001CA522 /* AppDelegate.swift in Sources */,
				DC81E39E23CEA3F6001CA522 /* SceneDelegate.swift in Sources */,
			);
			runOnlyForDeploymentPostprocessing = 0;
		};
		DC81E3AA23CEA3F8001CA522 /* Sources */ = {
			isa = PBXSourcesBuildPhase;
			buildActionMask = 2147483647;
			files = (
				DC81E3B323CEA3F8001CA522 /* A1Tests.swift in Sources */,
			);
			runOnlyForDeploymentPostprocessing = 0;
		};
		DC81E3B523CEA3F8001CA522 /* Sources */ = {
			isa = PBXSourcesBuildPhase;
			buildActionMask = 2147483647;
			files = (
				DC81E3BE23CEA3F8001CA522 /* A1UITests.swift in Sources */,
			);
			runOnlyForDeploymentPostprocessing = 0;
		};
/* End PBXSourcesBuildPhase section */

/* Begin PBXTargetDependency section */
		DC81E3B023CEA3F8001CA522 /* PBXTargetDependency */ = {
			isa = PBXTargetDependency;
			target = DC81E39723CEA3F6001CA522 /* A1 */;
			targetProxy = DC81E3AF23CEA3F8001CA522 /* PBXContainerItemProxy */;
		};
		DC81E3BB23CEA3F8001CA522 /* PBXTargetDependency */ = {
			isa = PBXTargetDependency;
			target = DC81E39723CEA3F6001CA522 /* A1 */;
			targetProxy = DC81E3BA23CEA3F8001CA522 /* PBXContainerItemProxy */;
		};
/* End PBXTargetDependency section */

/* Begin PBXVariantGroup section */
		DC81E3A123CEA3F6001CA522 /* Main.storyboard */ = {
			isa = PBXVariantGroup;
			children = (
				DC81E3A223CEA3F6001CA522 /* Base */,
			);
			name = Main.storyboard;
			sourceTree = "<group>";
		};
		DC81E3A623CEA3F7001CA522 /* LaunchScreen.storyboard */ = {
			isa = PBXVariantGroup;
			children = (
				DC81E3A723CEA3F7001CA522 /* Base */,
			);
			name = LaunchScreen.storyboard;
			sourceTree = "<group>";
		};
/* End PBXVariantGroup section */

/* Begin XCBuildConfiguration section */
		DC81E3C023CEA3F8001CA522 /* Debug */ = {
			isa = XCBuildConfiguration;
			buildSettings = {
				ALWAYS_SEARCH_USER_PATHS = NO;
				CLANG_ANALYZER_NONNULL = YES;
				CLANG_ANALYZER_NUMBER_OBJECT_CONVERSION = YES_AGGRESSIVE;
				CLANG_CXX_LANGUAGE_STANDARD = "gnu++14";
				CLANG_CXX_LIBRARY = "libc++";
				CLANG_ENABLE_MODULES = YES;
				CLANG_ENABLE_OBJC_ARC = YES;
				CLANG_ENABLE_OBJC_WEAK = YES;
				CLANG_WARN_BLOCK_CAPTURE_AUTORELEASING = YES;
				CLANG_WARN_BOOL_CONVERSION = YES;
				CLANG_WARN_COMMA = YES;
				CLANG_WARN_CONSTANT_CONVERSION = YES;
				CLANG_WARN_DEPRECATED_OBJC_IMPLEMENTATIONS = YES;
				CLANG_WARN_DIRECT_OBJC_ISA_USAGE = YES_ERROR;
				CLANG_WARN_DOCUMENTATION_COMMENTS = YES;
				CLANG_WARN_EMPTY_BODY = YES;
				CLANG_WARN_ENUM_CONVERSION = YES;
				CLANG_WARN_INFINITE_RECURSION = YES;
				CLANG_WARN_INT_CONVERSION = YES;
				CLANG_WARN_NON_LITERAL_NULL_CONVERSION = YES;
				CLANG_WARN_OBJC_IMPLICIT_RETAIN_SELF = YES;
				CLANG_WARN_OBJC_LITERAL_CONVERSION = YES;
				CLANG_WARN_OBJC_ROOT_CLASS = YES_ERROR;
				CLANG_WARN_RANGE_LOOP_ANALYSIS = YES;
				CLANG_WARN_STRICT_PROTOTYPES = YES;
				CLANG_WARN_SUSPICIOUS_MOVE = YES;
				CLANG_WARN_UNGUARDED_AVAILABILITY = YES_AGGRESSIVE;
				CLANG_WARN_UNREACHABLE_CODE = YES;
				CLANG_WARN__DUPLICATE_METHOD_MATCH = YES;
				COPY_PHASE_STRIP = NO;
				DEBUG_INFORMATION_FORMAT = dwarf;
				ENABLE_STRICT_OBJC_MSGSEND = YES;
				ENABLE_TESTABILITY = YES;
				GCC_C_LANGUAGE_STANDARD = gnu11;
				GCC_DYNAMIC_NO_PIC = NO;
				GCC_NO_COMMON_BLOCKS = YES;
				GCC_OPTIMIZATION_LEVEL = 0;
				GCC_PREPROCESSOR_DEFINITIONS = (
					"DEBUG=1",
					"$(inherited)",
				);
				GCC_WARN_64_TO_32_BIT_CONVERSION = YES;
				GCC_WARN_ABOUT_RETURN_TYPE = YES_ERROR;
				GCC_WARN_UNDECLARED_SELECTOR = YES;
				GCC_WARN_UNINITIALIZED_AUTOS = YES_AGGRESSIVE;
				GCC_WARN_UNUSED_FUNCTION = YES;
				GCC_WARN_UNUSED_VARIABLE = YES;
				IPHONEOS_DEPLOYMENT_TARGET = 13.2;
				MTL_ENABLE_DEBUG_INFO = INCLUDE_SOURCE;
				MTL_FAST_MATH = YES;
				ONLY_ACTIVE_ARCH = YES;
				SDKROOT = iphoneos;
				SWIFT_ACTIVE_COMPILATION_CONDITIONS = DEBUG;
				SWIFT_OPTIMIZATION_LEVEL = "-Onone";
			};
			name = Debug;
		};
		DC81E3C123CEA3F8001CA522 /* Release */ = {
			isa = XCBuildConfiguration;
			buildSettings = {
				ALWAYS_SEARCH_USER_PATHS = NO;
				CLANG_ANALYZER_NONNULL = YES;
				CLANG_ANALYZER_NUMBER_OBJECT_CONVERSION = YES_AGGRESSIVE;
				CLANG_CXX_LANGUAGE_STANDARD = "gnu++14";
				CLANG_CXX_LIBRARY = "libc++";
				CLANG_ENABLE_MODULES = YES;
				CLANG_ENABLE_OBJC_ARC = YES;
				CLANG_ENABLE_OBJC_WEAK = YES;
				CLANG_WARN_BLOCK_CAPTURE_AUTORELEASING = YES;
				CLANG_WARN_BOOL_CONVERSION = YES;
				CLANG_WARN_COMMA = YES;
				CLANG_WARN_CONSTANT_CONVERSION = YES;
				CLANG_WARN_DEPRECATED_OBJC_IMPLEMENTATIONS = YES;
				CLANG_WARN_DIRECT_OBJC_ISA_USAGE = YES_ERROR;
				CLANG_WARN_DOCUMENTATION_COMMENTS = YES;
				CLANG_WARN_EMPTY_BODY = YES;
				CLANG_WARN_ENUM_CONVERSION = YES;
				CLANG_WARN_INFINITE_RECURSION = YES;
				CLANG_WARN_INT_CONVERSION = YES;
				CLANG_WARN_NON_LITERAL_NULL_CONVERSION = YES;
				CLANG_WARN_OBJC_IMPLICIT_RETAIN_SELF = YES;
				CLANG_WARN_OBJC_LITERAL_CONVERSION = YES;
				CLANG_WARN_OBJC_ROOT_CLASS = YES_ERROR;
				CLANG_WARN_RANGE_LOOP_ANALYSIS = YES;
				CLANG_WARN_STRICT_PROTOTYPES = YES;
				CLANG_WARN_SUSPICIOUS_MOVE = YES;
				CLANG_WARN_UNGUARDED_AVAILABILITY = YES_AGGRESSIVE;
				CLANG_WARN_UNREACHABLE_CODE = YES;
				CLANG_WARN__DUPLICATE_METHOD_MATCH = YES;
				COPY_PHASE_STRIP = NO;
				DEBUG_INFORMATION_FORMAT = "dwarf-with-dsym";
				ENABLE_NS_ASSERTIONS = NO;
				ENABLE_STRICT_OBJC_MSGSEND = YES;
				GCC_C_LANGUAGE_STANDARD = gnu11;
				GCC_NO_COMMON_BLOCKS = YES;
				GCC_WARN_64_TO_32_BIT_CONVERSION = YES;
				GCC_WARN_ABOUT_RETURN_TYPE = YES_ERROR;
				GCC_WARN_UNDECLARED_SELECTOR = YES;
				GCC_WARN_UNINITIALIZED_AUTOS = YES_AGGRESSIVE;
				GCC_WARN_UNUSED_FUNCTION = YES;
				GCC_WARN_UNUSED_VARIABLE = YES;
				IPHONEOS_DEPLOYMENT_TARGET = 13.2;
				MTL_ENABLE_DEBUG_INFO = NO;
				MTL_FAST_MATH = YES;
				SDKROOT = iphoneos;
				SWIFT_COMPILATION_MODE = wholemodule;
				SWIFT_OPTIMIZATION_LEVEL = "-O";
				VALIDATE_PRODUCT = YES;
			};
			name = Release;
		};
		DC81E3C323CEA3F8001CA522 /* Debug */ = {
			isa = XCBuildConfiguration;
			buildSettings = {
				ASSETCATALOG_COMPILER_APPICON_NAME = AppIcon;
				CODE_SIGN_STYLE = Automatic;
				INFOPLIST_FILE = A1/Info.plist;
				LD_RUNPATH_SEARCH_PATHS = (
					"$(inherited)",
					"@executable_path/Frameworks",
				);
				PRODUCT_BUNDLE_IDENTIFIER = RossMalcolm.A1;
				PRODUCT_NAME = "$(TARGET_NAME)";
				SWIFT_VERSION = 5.0;
				TARGETED_DEVICE_FAMILY = "1,2";
			};
			name = Debug;
		};
		DC81E3C423CEA3F8001CA522 /* Release */ = {
			isa = XCBuildConfiguration;
			buildSettings = {
				ASSETCATALOG_COMPILER_APPICON_NAME = AppIcon;
				CODE_SIGN_STYLE = Automatic;
				INFOPLIST_FILE = A1/Info.plist;
				LD_RUNPATH_SEARCH_PATHS = (
					"$(inherited)",
					"@executable_path/Frameworks",
				);
				PRODUCT_BUNDLE_IDENTIFIER = RossMalcolm.A1;
				PRODUCT_NAME = "$(TARGET_NAME)";
				SWIFT_VERSION = 5.0;
				TARGETED_DEVICE_FAMILY = "1,2";
			};
			name = Release;
		};
		DC81E3C623CEA3F8001CA522 /* Debug */ = {
			isa = XCBuildConfiguration;
			buildSettings = {
				ALWAYS_EMBED_SWIFT_STANDARD_LIBRARIES = YES;
				BUNDLE_LOADER = "$(TEST_HOST)";
				CODE_SIGN_STYLE = Automatic;
				INFOPLIST_FILE = A1Tests/Info.plist;
				IPHONEOS_DEPLOYMENT_TARGET = 13.2;
				LD_RUNPATH_SEARCH_PATHS = (
					"$(inherited)",
					"@executable_path/Frameworks",
					"@loader_path/Frameworks",
				);
				PRODUCT_BUNDLE_IDENTIFIER = RossMalcolm.A1Tests;
				PRODUCT_NAME = "$(TARGET_NAME)";
				SWIFT_VERSION = 5.0;
				TARGETED_DEVICE_FAMILY = "1,2";
				TEST_HOST = "$(BUILT_PRODUCTS_DIR)/A1.app/A1";
			};
			name = Debug;
		};
		DC81E3C723CEA3F8001CA522 /* Release */ = {
			isa = XCBuildConfiguration;
			buildSettings = {
				ALWAYS_EMBED_SWIFT_STANDARD_LIBRARIES = YES;
				BUNDLE_LOADER = "$(TEST_HOST)";
				CODE_SIGN_STYLE = Automatic;
				INFOPLIST_FILE = A1Tests/Info.plist;
				IPHONEOS_DEPLOYMENT_TARGET = 13.2;
				LD_RUNPATH_SEARCH_PATHS = (
					"$(inherited)",
					"@executable_path/Frameworks",
					"@loader_path/Frameworks",
				);
				PRODUCT_BUNDLE_IDENTIFIER = RossMalcolm.A1Tests;
				PRODUCT_NAME = "$(TARGET_NAME)";
				SWIFT_VERSION = 5.0;
				TARGETED_DEVICE_FAMILY = "1,2";
				TEST_HOST = "$(BUILT_PRODUCTS_DIR)/A1.app/A1";
			};
			name = Release;
		};
		DC81E3C923CEA3F8001CA522 /* Debug */ = {
			isa = XCBuildConfiguration;
			buildSettings = {
				ALWAYS_EMBED_SWIFT_STANDARD_LIBRARIES = YES;
				CODE_SIGN_STYLE = Automatic;
				INFOPLIST_FILE = A1UITests/Info.plist;
				LD_RUNPATH_SEARCH_PATHS = (
					"$(inherited)",
					"@executable_path/Frameworks",
					"@loader_path/Frameworks",
				);
				PRODUCT_BUNDLE_IDENTIFIER = RossMalcolm.A1UITests;
				PRODUCT_NAME = "$(TARGET_NAME)";
				SWIFT_VERSION = 5.0;
				TARGETED_DEVICE_FAMILY = "1,2";
				TEST_TARGET_NAME = A1;
			};
			name = Debug;
		};
		DC81E3CA23CEA3F8001CA522 /* Release */ = {
			isa = XCBuildConfiguration;
			buildSettings = {
				ALWAYS_EMBED_SWIFT_STANDARD_LIBRARIES = YES;
				CODE_SIGN_STYLE = Automatic;
				INFOPLIST_FILE = A1UITests/Info.plist;
				LD_RUNPATH_SEARCH_PATHS = (
					"$(inherited)",
					"@executable_path/Frameworks",
					"@loader_path/Frameworks",
				);
				PRODUCT_BUNDLE_IDENTIFIER = RossMalcolm.A1UITests;
				PRODUCT_NAME = "$(TARGET_NAME)";
				SWIFT_VERSION = 5.0;
				TARGETED_DEVICE_FAMILY = "1,2";
				TEST_TARGET_NAME = A1;
			};
			name = Release;
		};
/* End XCBuildConfiguration section */

/* Begin XCConfigurationList section */
		DC81E39323CEA3F6001CA522 /* Build configuration list for PBXProject "A1" */ = {
			isa = XCConfigurationList;
			buildConfigurations = (
				DC81E3C023CEA3F8001CA522 /* Debug */,
				DC81E3C123CEA3F8001CA522 /* Release */,
			);
			defaultConfigurationIsVisible = 0;
			defaultConfigurationName = Release;
		};
		DC81E3C223CEA3F8001CA522 /* Build configuration list for PBXNativeTarget "A1" */ = {
			isa = XCConfigurationList;
			buildConfigurations = (
				DC81E3C323CEA3F8001CA522 /* Debug */,
				DC81E3C423CEA3F8001CA522 /* Release */,
			);
			defaultConfigurationIsVisible = 0;
			defaultConfigurationName = Release;
		};
		DC81E3C523CEA3F8001CA522 /* Build configuration list for PBXNativeTarget "A1Tests" */ = {
			isa = XCConfigurationList;
			buildConfigurations = (
				DC81E3C623CEA3F8001CA522 /* Debug */,
				DC81E3C723CEA3F8001CA522 /* Release */,
			);
			defaultConfigurationIsVisible = 0;
			defaultConfigurationName = Release;
		};
		DC81E3C823CEA3F8001CA522 /* Build configuration list for PBXNativeTarget "A1UITests" */ = {
			isa = XCConfigurationList;
			buildConfigurations = (
				DC81E3C923CEA3F8001CA522 /* Debug */,
				DC81E3CA23CEA3F8001CA522 /* Release */,
			);
			defaultConfigurationIsVisible = 0;
			defaultConfigurationName = Release;
		};
/* End XCConfigurationList section */
	};
	rootObject = DC81E39023CEA3F6001CA522 /* Project object */;
}
